// !$*UTF8*$!
{
	archiveVersion = 1;
	classes = {
	};
	objectVersion = 50;
	objects = {

/* Begin PBXBuildFile section */
		A60BEB72255CE86300F57078 /* AppDelegate.swift in Sources */ = {isa = PBXBuildFile; fileRef = A60BEB71255CE86300F57078 /* AppDelegate.swift */; };
		A60BEB74255CE86300F57078 /* SceneDelegate.swift in Sources */ = {isa = PBXBuildFile; fileRef = A60BEB73255CE86300F57078 /* SceneDelegate.swift */; };
		A60BEB76255CE86300F57078 /* ViewController.swift in Sources */ = {isa = PBXBuildFile; fileRef = A60BEB75255CE86300F57078 /* ViewController.swift */; };
		A60BEB79255CE86300F57078 /* Main.storyboard in Resources */ = {isa = PBXBuildFile; fileRef = A60BEB77255CE86300F57078 /* Main.storyboard */; };
		A60BEB7C255CE86300F57078 /* jjj.xcdatamodeld in Sources */ = {isa = PBXBuildFile; fileRef = A60BEB7A255CE86300F57078 /* jjj.xcdatamodeld */; };
		A60BEB7E255CE86300F57078 /* Assets.xcassets in Resources */ = {isa = PBXBuildFile; fileRef = A60BEB7D255CE86300F57078 /* Assets.xcassets */; };
		A60BEB81255CE86300F57078 /* LaunchScreen.storyboard in Resources */ = {isa = PBXBuildFile; fileRef = A60BEB7F255CE86300F57078 /* LaunchScreen.storyboard */; };
		A60BEB8C255CE86400F57078 /* jjjTests.swift in Sources */ = {isa = PBXBuildFile; fileRef = A60BEB8B255CE86400F57078 /* jjjTests.swift */; };
		A60BEB97255CE86400F57078 /* jjjUITests.swift in Sources */ = {isa = PBXBuildFile; fileRef = A60BEB96255CE86400F57078 /* jjjUITests.swift */; };
/* End PBXBuildFile section */

/* Begin PBXContainerItemProxy section */
		A60BEB88255CE86400F57078 /* PBXContainerItemProxy */ = {
			isa = PBXContainerItemProxy;
			containerPortal = A60BEB66255CE86300F57078 /* Project object */;
			proxyType = 1;
			remoteGlobalIDString = A60BEB6D255CE86300F57078;
			remoteInfo = jjj;
		};
		A60BEB93255CE86400F57078 /* PBXContainerItemProxy */ = {
			isa = PBXContainerItemProxy;
			containerPortal = A60BEB66255CE86300F57078 /* Project object */;
			proxyType = 1;
			remoteGlobalIDString = A60BEB6D255CE86300F57078;
			remoteInfo = jjj;
		};
/* End PBXContainerItemProxy section */

/* Begin PBXFileReference section */
		A60BEB6E255CE86300F57078 /* jjj.app */ = {isa = PBXFileReference; explicitFileType = wrapper.application; includeInIndex = 0; path = jjj.app; sourceTree = BUILT_PRODUCTS_DIR; };
		A60BEB71255CE86300F57078 /* AppDelegate.swift */ = {isa = PBXFileReference; lastKnownFileType = sourcecode.swift; path = AppDelegate.swift; sourceTree = "<group>"; };
		A60BEB73255CE86300F57078 /* SceneDelegate.swift */ = {isa = PBXFileReference; lastKnownFileType = sourcecode.swift; path = SceneDelegate.swift; sourceTree = "<group>"; };
		A60BEB75255CE86300F57078 /* ViewController.swift */ = {isa = PBXFileReference; lastKnownFileType = sourcecode.swift; path = ViewController.swift; sourceTree = "<group>"; };
		A60BEB78255CE86300F57078 /* Base */ = {isa = PBXFileReference; lastKnownFileType = file.storyboard; name = Base; path = Base.lproj/Main.storyboard; sourceTree = "<group>"; };
		A60BEB7B255CE86300F57078 /* jjj.xcdatamodel */ = {isa = PBXFileReference; lastKnownFileType = wrapper.xcdatamodel; path = jjj.xcdatamodel; sourceTree = "<group>"; };
		A60BEB7D255CE86300F57078 /* Assets.xcassets */ = {isa = PBXFileReference; lastKnownFileType = folder.assetcatalog; path = Assets.xcassets; sourceTree = "<group>"; };
		A60BEB80255CE86300F57078 /* Base */ = {isa = PBXFileReference; lastKnownFileType = file.storyboard; name = Base; path = Base.lproj/LaunchScreen.storyboard; sourceTree = "<group>"; };
		A60BEB82255CE86300F57078 /* Info.plist */ = {isa = PBXFileReference; lastKnownFileType = text.plist.xml; path = Info.plist; sourceTree = "<group>"; };
		A60BEB87255CE86400F57078 /* jjjTests.xctest */ = {isa = PBXFileReference; explicitFileType = wrapper.cfbundle; includeInIndex = 0; path = jjjTests.xctest; sourceTree = BUILT_PRODUCTS_DIR; };
		A60BEB8B255CE86400F57078 /* jjjTests.swift */ = {isa = PBXFileReference; lastKnownFileType = sourcecode.swift; path = jjjTests.swift; sourceTree = "<group>"; };
		A60BEB8D255CE86400F57078 /* Info.plist */ = {isa = PBXFileReference; lastKnownFileType = text.plist.xml; path = Info.plist; sourceTree = "<group>"; };
		A60BEB92255CE86400F57078 /* jjjUITests.xctest */ = {isa = PBXFileReference; explicitFileType = wrapper.cfbundle; includeInIndex = 0; path = jjjUITests.xctest; sourceTree = BUILT_PRODUCTS_DIR; };
		A60BEB96255CE86400F57078 /* jjjUITests.swift */ = {isa = PBXFileReference; lastKnownFileType = sourcecode.swift; path = jjjUITests.swift; sourceTree = "<group>"; };
		A60BEB98255CE86400F57078 /* Info.plist */ = {isa = PBXFileReference; lastKnownFileType = text.plist.xml; path = Info.plist; sourceTree = "<group>"; };
/* End PBXFileReference section */

/* Begin PBXFrameworksBuildPhase section */
		A60BEB6B255CE86300F57078 /* Frameworks */ = {
			isa = PBXFrameworksBuildPhase;
			buildActionMask = 2147483647;
			files = (
			);
			runOnlyForDeploymentPostprocessing = 0;
		};
		A60BEB84255CE86400F57078 /* Frameworks */ = {
			isa = PBXFrameworksBuildPhase;
			buildActionMask = 2147483647;
			files = (
			);
			runOnlyForDeploymentPostprocessing = 0;
		};
		A60BEB8F255CE86400F57078 /* Frameworks */ = {
			isa = PBXFrameworksBuildPhase;
			buildActionMask = 2147483647;
			files = (
			);
			runOnlyForDeploymentPostprocessing = 0;
		};
/* End PBXFrameworksBuildPhase section */

/* Begin PBXGroup section */
		A60BEB65255CE86300F57078 = {
			isa = PBXGroup;
			children = (
				A60BEB70255CE86300F57078 /* jjj */,
				A60BEB8A255CE86400F57078 /* jjjTests */,
				A60BEB95255CE86400F57078 /* jjjUITests */,
				A60BEB6F255CE86300F57078 /* Products */,
			);
			sourceTree = "<group>";
		};
		A60BEB6F255CE86300F57078 /* Products */ = {
			isa = PBXGroup;
			children = (
				A60BEB6E255CE86300F57078 /* jjj.app */,
				A60BEB87255CE86400F57078 /* jjjTests.xctest */,
				A60BEB92255CE86400F57078 /* jjjUITests.xctest */,
			);
			name = Products;
			sourceTree = "<group>";
		};
		A60BEB70255CE86300F57078 /* jjj */ = {
			isa = PBXGroup;
			children = (
				A60BEB71255CE86300F57078 /* AppDelegate.swift */,
				A60BEB73255CE86300F57078 /* SceneDelegate.swift */,
				A60BEB75255CE86300F57078 /* ViewController.swift */,
				A60BEB77255CE86300F57078 /* Main.storyboard */,
				A60BEB7D255CE86300F57078 /* Assets.xcassets */,
				A60BEB7F255CE86300F57078 /* LaunchScreen.storyboard */,
				A60BEB82255CE86300F57078 /* Info.plist */,
				A60BEB7A255CE86300F57078 /* jjj.xcdatamodeld */,
			);
			path = jjj;
			sourceTree = "<group>";
		};
		A60BEB8A255CE86400F57078 /* jjjTests */ = {
			isa = PBXGroup;
			children = (
				A60BEB8B255CE86400F57078 /* jjjTests.swift */,
				A60BEB8D255CE86400F57078 /* Info.plist */,
			);
			path = jjjTests;
			sourceTree = "<group>";
		};
		A60BEB95255CE86400F57078 /* jjjUITests */ = {
			isa = PBXGroup;
			children = (
				A60BEB96255CE86400F57078 /* jjjUITests.swift */,
				A60BEB98255CE86400F57078 /* Info.plist */,
			);
			path = jjjUITests;
			sourceTree = "<group>";
		};
/* End PBXGroup section */

/* Begin PBXNativeTarget section */
		A60BEB6D255CE86300F57078 /* jjj */ = {
			isa = PBXNativeTarget;
			buildConfigurationList = A60BEB9B255CE86400F57078 /* Build configuration list for PBXNativeTarget "jjj" */;
			buildPhases = (
				A60BEB6A255CE86300F57078 /* Sources */,
				A60BEB6B255CE86300F57078 /* Frameworks */,
				A60BEB6C255CE86300F57078 /* Resources */,
			);
			buildRules = (
			);
			dependencies = (
			);
			name = jjj;
			productName = jjj;
			productReference = A60BEB6E255CE86300F57078 /* jjj.app */;
			productType = "com.apple.product-type.application";
		};
		A60BEB86255CE86400F57078 /* jjjTests */ = {
			isa = PBXNativeTarget;
			buildConfigurationList = A60BEB9E255CE86400F57078 /* Build configuration list for PBXNativeTarget "jjjTests" */;
			buildPhases = (
				A60BEB83255CE86400F57078 /* Sources */,
				A60BEB84255CE86400F57078 /* Frameworks */,
				A60BEB85255CE86400F57078 /* Resources */,
			);
			buildRules = (
			);
			dependencies = (
				A60BEB89255CE86400F57078 /* PBXTargetDependency */,
			);
			name = jjjTests;
			productName = jjjTests;
			productReference = A60BEB87255CE86400F57078 /* jjjTests.xctest */;
			productType = "com.apple.product-type.bundle.unit-test";
		};
		A60BEB91255CE86400F57078 /* jjjUITests */ = {
			isa = PBXNativeTarget;
			buildConfigurationList = A60BEBA1255CE86400F57078 /* Build configuration list for PBXNativeTarget "jjjUITests" */;
			buildPhases = (
				A60BEB8E255CE86400F57078 /* Sources */,
				A60BEB8F255CE86400F57078 /* Frameworks */,
				A60BEB90255CE86400F57078 /* Resources */,
			);
			buildRules = (
			);
			dependencies = (
				A60BEB94255CE86400F57078 /* PBXTargetDependency */,
			);
			name = jjjUITests;
			productName = jjjUITests;
			productReference = A60BEB92255CE86400F57078 /* jjjUITests.xctest */;
			productType = "com.apple.product-type.bundle.ui-testing";
		};
/* End PBXNativeTarget section */

/* Begin PBXProject section */
		A60BEB66255CE86300F57078 /* Project object */ = {
			isa = PBXProject;
			attributes = {
				LastSwiftUpdateCheck = 1200;
				LastUpgradeCheck = 1200;
				TargetAttributes = {
					A60BEB6D255CE86300F57078 = {
						CreatedOnToolsVersion = 12.0.1;
					};
					A60BEB86255CE86400F57078 = {
						CreatedOnToolsVersion = 12.0.1;
						TestTargetID = A60BEB6D255CE86300F57078;
					};
					A60BEB91255CE86400F57078 = {
						CreatedOnToolsVersion = 12.0.1;
						TestTargetID = A60BEB6D255CE86300F57078;
					};
				};
			};
			buildConfigurationList = A60BEB69255CE86300F57078 /* Build configuration list for PBXProject "jjj" */;
			compatibilityVersion = "Xcode 9.3";
			developmentRegion = en;
			hasScannedForEncodings = 0;
			knownRegions = (
				en,
				Base,
			);
			mainGroup = A60BEB65255CE86300F57078;
			productRefGroup = A60BEB6F255CE86300F57078 /* Products */;
			projectDirPath = "";
			projectRoot = "";
			targets = (
				A60BEB6D255CE86300F57078 /* jjj */,
				A60BEB86255CE86400F57078 /* jjjTests */,
				A60BEB91255CE86400F57078 /* jjjUITests */,
			);
		};
/* End PBXProject section */

/* Begin PBXResourcesBuildPhase section */
		A60BEB6C255CE86300F57078 /* Resources */ = {
			isa = PBXResourcesBuildPhase;
			buildActionMask = 2147483647;
			files = (
				A60BEB81255CE86300F57078 /* LaunchScreen.storyboard in Resources */,
				A60BEB7E255CE86300F57078 /* Assets.xcassets in Resources */,
				A60BEB79255CE86300F57078 /* Main.storyboard in Resources */,
			);
			runOnlyForDeploymentPostprocessing = 0;
		};
		A60BEB85255CE86400F57078 /* Resources */ = {
			isa = PBXResourcesBuildPhase;
			buildActionMask = 2147483647;
			files = (
			);
			runOnlyForDeploymentPostprocessing = 0;
		};
		A60BEB90255CE86400F57078 /* Resources */ = {
			isa = PBXResourcesBuildPhase;
			buildActionMask = 2147483647;
			files = (
			);
			runOnlyForDeploymentPostprocessing = 0;
		};
/* End PBXResourcesBuildPhase section */

/* Begin PBXSourcesBuildPhase section */
		A60BEB6A255CE86300F57078 /* Sources */ = {
			isa = PBXSourcesBuildPhase;
			buildActionMask = 2147483647;
			files = (
				A60BEB76255CE86300F57078 /* ViewController.swift in Sources */,
				A60BEB72255CE86300F57078 /* AppDelegate.swift in Sources */,
				A60BEB7C255CE86300F57078 /* jjj.xcdatamodeld in Sources */,
				A60BEB74255CE86300F57078 /* SceneDelegate.swift in Sources */,
			);
			runOnlyForDeploymentPostprocessing = 0;
		};
		A60BEB83255CE86400F57078 /* Sources */ = {
			isa = PBXSourcesBuildPhase;
			buildActionMask = 2147483647;
			files = (
				A60BEB8C255CE86400F57078 /* jjjTests.swift in Sources */,
			);
			runOnlyForDeploymentPostprocessing = 0;
		};
		A60BEB8E255CE86400F57078 /* Sources */ = {
			isa = PBXSourcesBuildPhase;
			buildActionMask = 2147483647;
			files = (
				A60BEB97255CE86400F57078 /* jjjUITests.swift in Sources */,
			);
			runOnlyForDeploymentPostprocessing = 0;
		};
/* End PBXSourcesBuildPhase section */

/* Begin PBXTargetDependency section */
		A60BEB89255CE86400F57078 /* PBXTargetDependency */ = {
			isa = PBXTargetDependency;
			target = A60BEB6D255CE86300F57078 /* jjj */;
			targetProxy = A60BEB88255CE86400F57078 /* PBXContainerItemProxy */;
		};
		A60BEB94255CE86400F57078 /* PBXTargetDependency */ = {
			isa = PBXTargetDependency;
			target = A60BEB6D255CE86300F57078 /* jjj */;
			targetProxy = A60BEB93255CE86400F57078 /* PBXContainerItemProxy */;
		};
/* End PBXTargetDependency section */

/* Begin PBXVariantGroup section */
		A60BEB77255CE86300F57078 /* Main.storyboard */ = {
			isa = PBXVariantGroup;
			children = (
				A60BEB78255CE86300F57078 /* Base */,
			);
			name = Main.storyboard;
			sourceTree = "<group>";
		};
		A60BEB7F255CE86300F57078 /* LaunchScreen.storyboard */ = {
			isa = PBXVariantGroup;
			children = (
				A60BEB80255CE86300F57078 /* Base */,
			);
			name = LaunchScreen.storyboard;
			sourceTree = "<group>";
		};
/* End PBXVariantGroup section */

/* Begin XCBuildConfiguration section */
		A60BEB99255CE86400F57078 /* Debug */ = {
			isa = XCBuildConfiguration;
			buildSettings = {
				ALWAYS_SEARCH_USER_PATHS = NO;
				CLANG_ANALYZER_NONNULL = YES;
				CLANG_ANALYZER_NUMBER_OBJECT_CONVERSION = YES_AGGRESSIVE;
				CLANG_CXX_LANGUAGE_STANDARD = "gnu++14";
				CLANG_CXX_LIBRARY = "libc++";
				CLANG_ENABLE_MODULES = YES;
				CLANG_ENABLE_OBJC_ARC = YES;
				CLANG_ENABLE_OBJC_WEAK = YES;
				CLANG_WARN_BLOCK_CAPTURE_AUTORELEASING = YES;
				CLANG_WARN_BOOL_CONVERSION = YES;
				CLANG_WARN_COMMA = YES;
				CLANG_WARN_CONSTANT_CONVERSION = YES;
				CLANG_WARN_DEPRECATED_OBJC_IMPLEMENTATIONS = YES;
				CLANG_WARN_DIRECT_OBJC_ISA_USAGE = YES_ERROR;
				CLANG_WARN_DOCUMENTATION_COMMENTS = YES;
				CLANG_WARN_EMPTY_BODY = YES;
				CLANG_WARN_ENUM_CONVERSION = YES;
				CLANG_WARN_INFINITE_RECURSION = YES;
				CLANG_WARN_INT_CONVERSION = YES;
				CLANG_WARN_NON_LITERAL_NULL_CONVERSION = YES;
				CLANG_WARN_OBJC_IMPLICIT_RETAIN_SELF = YES;
				CLANG_WARN_OBJC_LITERAL_CONVERSION = YES;
				CLANG_WARN_OBJC_ROOT_CLASS = YES_ERROR;
				CLANG_WARN_QUOTED_INCLUDE_IN_FRAMEWORK_HEADER = YES;
				CLANG_WARN_RANGE_LOOP_ANALYSIS = YES;
				CLANG_WARN_STRICT_PROTOTYPES = YES;
				CLANG_WARN_SUSPICIOUS_MOVE = YES;
				CLANG_WARN_UNGUARDED_AVAILABILITY = YES_AGGRESSIVE;
				CLANG_WARN_UNREACHABLE_CODE = YES;
				CLANG_WARN__DUPLICATE_METHOD_MATCH = YES;
				COPY_PHASE_STRIP = NO;
				DEBUG_INFORMATION_FORMAT = dwarf;
				ENABLE_STRICT_OBJC_MSGSEND = YES;
				ENABLE_TESTABILITY = YES;
				GCC_C_LANGUAGE_STANDARD = gnu11;
				GCC_DYNAMIC_NO_PIC = NO;
				GCC_NO_COMMON_BLOCKS = YES;
				GCC_OPTIMIZATION_LEVEL = 0;
				GCC_PREPROCESSOR_DEFINITIONS = (
					"DEBUG=1",
					"$(inherited)",
				);
				GCC_WARN_64_TO_32_BIT_CONVERSION = YES;
				GCC_WARN_ABOUT_RETURN_TYPE = YES_ERROR;
				GCC_WARN_UNDECLARED_SELECTOR = YES;
				GCC_WARN_UNINITIALIZED_AUTOS = YES_AGGRESSIVE;
				GCC_WARN_UNUSED_FUNCTION = YES;
				GCC_WARN_UNUSED_VARIABLE = YES;
				IPHONEOS_DEPLOYMENT_TARGET = 14.0;
				MTL_ENABLE_DEBUG_INFO = INCLUDE_SOURCE;
				MTL_FAST_MATH = YES;
				ONLY_ACTIVE_ARCH = YES;
				SDKROOT = iphoneos;
				SWIFT_ACTIVE_COMPILATION_CONDITIONS = DEBUG;
				SWIFT_OPTIMIZATION_LEVEL = "-Onone";
			};
			name = Debug;
		};
		A60BEB9A255CE86400F57078 /* Release */ = {
			isa = XCBuildConfiguration;
			buildSettings = {
				ALWAYS_SEARCH_USER_PATHS = NO;
				CLANG_ANALYZER_NONNULL = YES;
				CLANG_ANALYZER_NUMBER_OBJECT_CONVERSION = YES_AGGRESSIVE;
				CLANG_CXX_LANGUAGE_STANDARD = "gnu++14";
				CLANG_CXX_LIBRARY = "libc++";
				CLANG_ENABLE_MODULES = YES;
				CLANG_ENABLE_OBJC_ARC = YES;
				CLANG_ENABLE_OBJC_WEAK = YES;
				CLANG_WARN_BLOCK_CAPTURE_AUTORELEASING = YES;
				CLANG_WARN_BOOL_CONVERSION = YES;
				CLANG_WARN_COMMA = YES;
				CLANG_WARN_CONSTANT_CONVERSION = YES;
				CLANG_WARN_DEPRECATED_OBJC_IMPLEMENTATIONS = YES;
				CLANG_WARN_DIRECT_OBJC_ISA_USAGE = YES_ERROR;
				CLANG_WARN_DOCUMENTATION_COMMENTS = YES;
				CLANG_WARN_EMPTY_BODY = YES;
				CLANG_WARN_ENUM_CONVERSION = YES;
				CLANG_WARN_INFINITE_RECURSION = YES;
				CLANG_WARN_INT_CONVERSION = YES;
				CLANG_WARN_NON_LITERAL_NULL_CONVERSION = YES;
				CLANG_WARN_OBJC_IMPLICIT_RETAIN_SELF = YES;
				CLANG_WARN_OBJC_LITERAL_CONVERSION = YES;
				CLANG_WARN_OBJC_ROOT_CLASS = YES_ERROR;
				CLANG_WARN_QUOTED_INCLUDE_IN_FRAMEWORK_HEADER = YES;
				CLANG_WARN_RANGE_LOOP_ANALYSIS = YES;
				CLANG_WARN_STRICT_PROTOTYPES = YES;
				CLANG_WARN_SUSPICIOUS_MOVE = YES;
				CLANG_WARN_UNGUARDED_AVAILABILITY = YES_AGGRESSIVE;
				CLANG_WARN_UNREACHABLE_CODE = YES;
				CLANG_WARN__DUPLICATE_METHOD_MATCH = YES;
				COPY_PHASE_STRIP = NO;
				DEBUG_INFORMATION_FORMAT = "dwarf-with-dsym";
				ENABLE_NS_ASSERTIONS = NO;
				ENABLE_STRICT_OBJC_MSGSEND = YES;
				GCC_C_LANGUAGE_STANDARD = gnu11;
				GCC_NO_COMMON_BLOCKS = YES;
				GCC_WARN_64_TO_32_BIT_CONVERSION = YES;
				GCC_WARN_ABOUT_RETURN_TYPE = YES_ERROR;
				GCC_WARN_UNDECLARED_SELECTOR = YES;
				GCC_WARN_UNINITIALIZED_AUTOS = YES_AGGRESSIVE;
				GCC_WARN_UNUSED_FUNCTION = YES;
				GCC_WARN_UNUSED_VARIABLE = YES;
				IPHONEOS_DEPLOYMENT_TARGET = 14.0;
				MTL_ENABLE_DEBUG_INFO = NO;
				MTL_FAST_MATH = YES;
				SDKROOT = iphoneos;
				SWIFT_COMPILATION_MODE = wholemodule;
				SWIFT_OPTIMIZATION_LEVEL = "-O";
				VALIDATE_PRODUCT = YES;
			};
			name = Release;
		};
		A60BEB9C255CE86400F57078 /* Debug */ = {
			isa = XCBuildConfiguration;
			buildSettings = {
				ASSETCATALOG_COMPILER_APPICON_NAME = AppIcon;
				ASSETCATALOG_COMPILER_GLOBAL_ACCENT_COLOR_NAME = AccentColor;
				CODE_SIGN_STYLE = Automatic;
				DEVELOPMENT_TEAM = 5R4F63FV7T;
				INFOPLIST_FILE = jjj/Info.plist;
				LD_RUNPATH_SEARCH_PATHS = (
					"$(inherited)",
					"@executable_path/Frameworks",
				);
				PRODUCT_BUNDLE_IDENTIFIER = com.mikihodel.jjj;
				PRODUCT_NAME = "$(TARGET_NAME)";
				SWIFT_VERSION = 5.0;
				TARGETED_DEVICE_FAMILY = "1,2";
			};
			name = Debug;
		};
		A60BEB9D255CE86400F57078 /* Release */ = {
			isa = XCBuildConfiguration;
			buildSettings = {
				ASSETCATALOG_COMPILER_APPICON_NAME = AppIcon;
				ASSETCATALOG_COMPILER_GLOBAL_ACCENT_COLOR_NAME = AccentColor;
				CODE_SIGN_STYLE = Automatic;
				DEVELOPMENT_TEAM = 5R4F63FV7T;
				INFOPLIST_FILE = jjj/Info.plist;
				LD_RUNPATH_SEARCH_PATHS = (
					"$(inherited)",
					"@executable_path/Frameworks",
				);
				PRODUCT_BUNDLE_IDENTIFIER = com.mikihodel.jjj;
				PRODUCT_NAME = "$(TARGET_NAME)";
				SWIFT_VERSION = 5.0;
				TARGETED_DEVICE_FAMILY = "1,2";
			};
			name = Release;
		};
		A60BEB9F255CE86400F57078 /* Debug */ = {
			isa = XCBuildConfiguration;
			buildSettings = {
				ALWAYS_EMBED_SWIFT_STANDARD_LIBRARIES = YES;
				BUNDLE_LOADER = "$(TEST_HOST)";
				CODE_SIGN_STYLE = Automatic;
				DEVELOPMENT_TEAM = 5R4F63FV7T;
				INFOPLIST_FILE = jjjTests/Info.plist;
				IPHONEOS_DEPLOYMENT_TARGET = 14.0;
				LD_RUNPATH_SEARCH_PATHS = (
					"$(inherited)",
					"@executable_path/Frameworks",
					"@loader_path/Frameworks",
				);
				PRODUCT_BUNDLE_IDENTIFIER = com.mikihodel.jjjTests;
				PRODUCT_NAME = "$(TARGET_NAME)";
				SWIFT_VERSION = 5.0;
				TARGETED_DEVICE_FAMILY = "1,2";
				TEST_HOST = "$(BUILT_PRODUCTS_DIR)/jjj.app/jjj";
			};
			name = Debug;
		};
		A60BEBA0255CE86400F57078 /* Release */ = {
			isa = XCBuildConfiguration;
			buildSettings = {
				ALWAYS_EMBED_SWIFT_STANDARD_LIBRARIES = YES;
				BUNDLE_LOADER = "$(TEST_HOST)";
				CODE_SIGN_STYLE = Automatic;
				DEVELOPMENT_TEAM = 5R4F63FV7T;
				INFOPLIST_FILE = jjjTests/Info.plist;
				IPHONEOS_DEPLOYMENT_TARGET = 14.0;
				LD_RUNPATH_SEARCH_PATHS = (
					"$(inherited)",
					"@executable_path/Frameworks",
					"@loader_path/Frameworks",
				);
				PRODUCT_BUNDLE_IDENTIFIER = com.mikihodel.jjjTests;
				PRODUCT_NAME = "$(TARGET_NAME)";
				SWIFT_VERSION = 5.0;
				TARGETED_DEVICE_FAMILY = "1,2";
				TEST_HOST = "$(BUILT_PRODUCTS_DIR)/jjj.app/jjj";
			};
			name = Release;
		};
		A60BEBA2255CE86400F57078 /* Debug */ = {
			isa = XCBuildConfiguration;
			buildSettings = {
				ALWAYS_EMBED_SWIFT_STANDARD_LIBRARIES = YES;
				CODE_SIGN_STYLE = Automatic;
				DEVELOPMENT_TEAM = 5R4F63FV7T;
				INFOPLIST_FILE = jjjUITests/Info.plist;
				LD_RUNPATH_SEARCH_PATHS = (
					"$(inherited)",
					"@executable_path/Frameworks",
					"@loader_path/Frameworks",
				);
				PRODUCT_BUNDLE_IDENTIFIER = com.mikihodel.jjjUITests;
				PRODUCT_NAME = "$(TARGET_NAME)";
				SWIFT_VERSION = 5.0;
				TARGETED_DEVICE_FAMILY = "1,2";
				TEST_TARGET_NAME = jjj;
			};
			name = Debug;
		};
		A60BEBA3255CE86400F57078 /* Release */ = {
			isa = XCBuildConfiguration;
			buildSettings = {
				ALWAYS_EMBED_SWIFT_STANDARD_LIBRARIES = YES;
				CODE_SIGN_STYLE = Automatic;
				DEVELOPMENT_TEAM = 5R4F63FV7T;
				INFOPLIST_FILE = jjjUITests/Info.plist;
				LD_RUNPATH_SEARCH_PATHS = (
					"$(inherited)",
					"@executable_path/Frameworks",
					"@loader_path/Frameworks",
				);
				PRODUCT_BUNDLE_IDENTIFIER = com.mikihodel.jjjUITests;
				PRODUCT_NAME = "$(TARGET_NAME)";
				SWIFT_VERSION = 5.0;
				TARGETED_DEVICE_FAMILY = "1,2";
				TEST_TARGET_NAME = jjj;
			};
			name = Release;
		};
/* End XCBuildConfiguration section */

/* Begin XCConfigurationList section */
		A60BEB69255CE86300F57078 /* Build configuration list for PBXProject "jjj" */ = {
			isa = XCConfigurationList;
			buildConfigurations = (
				A60BEB99255CE86400F57078 /* Debug */,
				A60BEB9A255CE86400F57078 /* Release */,
			);
			defaultConfigurationIsVisible = 0;
			defaultConfigurationName = Release;
		};
		A60BEB9B255CE86400F57078 /* Build configuration list for PBXNativeTarget "jjj" */ = {
			isa = XCConfigurationList;
			buildConfigurations = (
				A60BEB9C255CE86400F57078 /* Debug */,
				A60BEB9D255CE86400F57078 /* Release */,
			);
			defaultConfigurationIsVisible = 0;
			defaultConfigurationName = Release;
		};
		A60BEB9E255CE86400F57078 /* Build configuration list for PBXNativeTarget "jjjTests" */ = {
			isa = XCConfigurationList;
			buildConfigurations = (
				A60BEB9F255CE86400F57078 /* Debug */,
				A60BEBA0255CE86400F57078 /* Release */,
			);
			defaultConfigurationIsVisible = 0;
			defaultConfigurationName = Release;
		};
		A60BEBA1255CE86400F57078 /* Build configuration list for PBXNativeTarget "jjjUITests" */ = {
			isa = XCConfigurationList;
			buildConfigurations = (
				A60BEBA2255CE86400F57078 /* Debug */,
				A60BEBA3255CE86400F57078 /* Release */,
			);
			defaultConfigurationIsVisible = 0;
			defaultConfigurationName = Release;
		};
/* End XCConfigurationList section */

/* Begin XCVersionGroup section */
		A60BEB7A255CE86300F57078 /* jjj.xcdatamodeld */ = {
			isa = XCVersionGroup;
			children = (
				A60BEB7B255CE86300F57078 /* jjj.xcdatamodel */,
			);
			currentVersion = A60BEB7B255CE86300F57078 /* jjj.xcdatamodel */;
			path = jjj.xcdatamodeld;
			sourceTree = "<group>";
			versionGroupType = wrapper.xcdatamodel;
		};
/* End XCVersionGroup section */
	};
	rootObject = A60BEB66255CE86300F57078 /* Project object */;
}
